// !$*UTF8*$!
{
	archiveVersion = 1;
	classes = {
	};
	objectVersion = 50;
	objects = {

/* Begin PBXBuildFile section */
		AF0173DA2396C391003ECD4C /* AlbumVC.swift in Sources */ = {isa = PBXBuildFile; fileRef = AF0173D92396C391003ECD4C /* AlbumVC.swift */; };
		AF022210239A71F600E16599 /* AlbumCell.xib in Resources */ = {isa = PBXBuildFile; fileRef = AF02220E239A71F600E16599 /* AlbumCell.xib */; };
		AF35A30C237C1FAD00A929F7 /* AppDelegate.swift in Sources */ = {isa = PBXBuildFile; fileRef = AF35A30B237C1FAD00A929F7 /* AppDelegate.swift */; };
		AF35A30E237C1FAD00A929F7 /* SceneDelegate.swift in Sources */ = {isa = PBXBuildFile; fileRef = AF35A30D237C1FAD00A929F7 /* SceneDelegate.swift */; };
		AF35A310237C1FAD00A929F7 /* TopListVC.swift in Sources */ = {isa = PBXBuildFile; fileRef = AF35A30F237C1FAD00A929F7 /* TopListVC.swift */; };
		AF35A313237C1FAD00A929F7 /* Main.storyboard in Resources */ = {isa = PBXBuildFile; fileRef = AF35A311237C1FAD00A929F7 /* Main.storyboard */; };
		AF35A318237C1FAD00A929F7 /* Assets.xcassets in Resources */ = {isa = PBXBuildFile; fileRef = AF35A317237C1FAD00A929F7 /* Assets.xcassets */; };
		AF35A31B237C1FAD00A929F7 /* LaunchScreen.storyboard in Resources */ = {isa = PBXBuildFile; fileRef = AF35A319237C1FAD00A929F7 /* LaunchScreen.storyboard */; };
		AF35A326237C1FAD00A929F7 /* PopCaveTests.swift in Sources */ = {isa = PBXBuildFile; fileRef = AF35A325237C1FAD00A929F7 /* PopCaveTests.swift */; };
		AF35A331237C1FAD00A929F7 /* PopCaveUITests.swift in Sources */ = {isa = PBXBuildFile; fileRef = AF35A330237C1FAD00A929F7 /* PopCaveUITests.swift */; };
		AF35A342237C283D00A929F7 /* AlbumCell.swift in Sources */ = {isa = PBXBuildFile; fileRef = AF35A341237C283D00A929F7 /* AlbumCell.swift */; };
		AF43DC66239EB66E00338DC2 /* PopCave.xcdatamodeld in Sources */ = {isa = PBXBuildFile; fileRef = AF43DC64239EB66E00338DC2 /* PopCave.xcdatamodeld */; };
		AF4A6FDC239D601200453C61 /* DecodableStructs.swift in Sources */ = {isa = PBXBuildFile; fileRef = AF4A6FDB239D601200453C61 /* DecodableStructs.swift */; };
		AF4A6FDE239D651B00453C61 /* APIKeys.swift in Sources */ = {isa = PBXBuildFile; fileRef = AF4A6FDD239D651B00453C61 /* APIKeys.swift */; };
		AF4A6FE0239D74DD00453C61 /* OtherCollectinStructs.swift in Sources */ = {isa = PBXBuildFile; fileRef = AF4A6FDF239D74DD00453C61 /* OtherCollectinStructs.swift */; };
		AF4A6FE2239D7AB400453C61 /* ArtistVC.swift in Sources */ = {isa = PBXBuildFile; fileRef = AF4A6FE1239D7AB400453C61 /* ArtistVC.swift */; };
		AF5EE1E6239BCC0100AA5863 /* FavoriteCell.swift in Sources */ = {isa = PBXBuildFile; fileRef = AF5EE1E4239BCC0100AA5863 /* FavoriteCell.swift */; };
		AF5EE1E7239BCC0100AA5863 /* FavoriteCell.xib in Resources */ = {isa = PBXBuildFile; fileRef = AF5EE1E5239BCC0100AA5863 /* FavoriteCell.xib */; };
		AF5EE1E9239BD7F400AA5863 /* Extensions.swift in Sources */ = {isa = PBXBuildFile; fileRef = AF5EE1E8239BD7F400AA5863 /* Extensions.swift */; };
		AF5EE1F3239D216600AA5863 /* ArtistCell.swift in Sources */ = {isa = PBXBuildFile; fileRef = AF5EE1F2239D216600AA5863 /* ArtistCell.swift */; };
		AF988DAD2398053200F27886 /* TrackCell.swift in Sources */ = {isa = PBXBuildFile; fileRef = AF988DAC2398053200F27886 /* TrackCell.swift */; };
		AFE87119239D54360012411A /* SearchVC.swift in Sources */ = {isa = PBXBuildFile; fileRef = AFE87118239D54360012411A /* SearchVC.swift */; };
		AFFCDEF9239A8E2C00E234EA /* AlbumLineCell.xib in Resources */ = {isa = PBXBuildFile; fileRef = AFFCDEF8239A8E2C00E234EA /* AlbumLineCell.xib */; };
		AFFCDEFB239AD77F00E234EA /* FavoriteVC.swift in Sources */ = {isa = PBXBuildFile; fileRef = AFFCDEFA239AD77F00E234EA /* FavoriteVC.swift */; };
/* End PBXBuildFile section */

/* Begin PBXContainerItemProxy section */
		AF35A322237C1FAD00A929F7 /* PBXContainerItemProxy */ = {
			isa = PBXContainerItemProxy;
			containerPortal = AF35A300237C1FAD00A929F7 /* Project object */;
			proxyType = 1;
			remoteGlobalIDString = AF35A307237C1FAD00A929F7;
			remoteInfo = PopCave;
		};
		AF35A32D237C1FAD00A929F7 /* PBXContainerItemProxy */ = {
			isa = PBXContainerItemProxy;
			containerPortal = AF35A300237C1FAD00A929F7 /* Project object */;
			proxyType = 1;
			remoteGlobalIDString = AF35A307237C1FAD00A929F7;
			remoteInfo = PopCave;
		};
/* End PBXContainerItemProxy section */

/* Begin PBXFileReference section */
		AF0173D92396C391003ECD4C /* AlbumVC.swift */ = {isa = PBXFileReference; lastKnownFileType = sourcecode.swift; path = AlbumVC.swift; sourceTree = "<group>"; };
		AF02220E239A71F600E16599 /* AlbumCell.xib */ = {isa = PBXFileReference; lastKnownFileType = file.xib; path = AlbumCell.xib; sourceTree = "<group>"; };
		AF35A308237C1FAD00A929F7 /* PopCave.app */ = {isa = PBXFileReference; explicitFileType = wrapper.application; includeInIndex = 0; path = PopCave.app; sourceTree = BUILT_PRODUCTS_DIR; };
		AF35A30B237C1FAD00A929F7 /* AppDelegate.swift */ = {isa = PBXFileReference; lastKnownFileType = sourcecode.swift; path = AppDelegate.swift; sourceTree = "<group>"; };
		AF35A30D237C1FAD00A929F7 /* SceneDelegate.swift */ = {isa = PBXFileReference; lastKnownFileType = sourcecode.swift; path = SceneDelegate.swift; sourceTree = "<group>"; };
		AF35A30F237C1FAD00A929F7 /* TopListVC.swift */ = {isa = PBXFileReference; lastKnownFileType = sourcecode.swift; path = TopListVC.swift; sourceTree = "<group>"; };
		AF35A312237C1FAD00A929F7 /* Base */ = {isa = PBXFileReference; lastKnownFileType = file.storyboard; name = Base; path = Base.lproj/Main.storyboard; sourceTree = "<group>"; };
		AF35A317237C1FAD00A929F7 /* Assets.xcassets */ = {isa = PBXFileReference; lastKnownFileType = folder.assetcatalog; path = Assets.xcassets; sourceTree = "<group>"; };
		AF35A31A237C1FAD00A929F7 /* Base */ = {isa = PBXFileReference; lastKnownFileType = file.storyboard; name = Base; path = Base.lproj/LaunchScreen.storyboard; sourceTree = "<group>"; };
		AF35A31C237C1FAD00A929F7 /* Info.plist */ = {isa = PBXFileReference; lastKnownFileType = text.plist.xml; path = Info.plist; sourceTree = "<group>"; };
		AF35A321237C1FAD00A929F7 /* PopCaveTests.xctest */ = {isa = PBXFileReference; explicitFileType = wrapper.cfbundle; includeInIndex = 0; path = PopCaveTests.xctest; sourceTree = BUILT_PRODUCTS_DIR; };
		AF35A325237C1FAD00A929F7 /* PopCaveTests.swift */ = {isa = PBXFileReference; lastKnownFileType = sourcecode.swift; path = PopCaveTests.swift; sourceTree = "<group>"; };
		AF35A327237C1FAD00A929F7 /* Info.plist */ = {isa = PBXFileReference; lastKnownFileType = text.plist.xml; path = Info.plist; sourceTree = "<group>"; };
		AF35A32C237C1FAD00A929F7 /* PopCaveUITests.xctest */ = {isa = PBXFileReference; explicitFileType = wrapper.cfbundle; includeInIndex = 0; path = PopCaveUITests.xctest; sourceTree = BUILT_PRODUCTS_DIR; };
		AF35A330237C1FAD00A929F7 /* PopCaveUITests.swift */ = {isa = PBXFileReference; lastKnownFileType = sourcecode.swift; path = PopCaveUITests.swift; sourceTree = "<group>"; };
		AF35A332237C1FAD00A929F7 /* Info.plist */ = {isa = PBXFileReference; lastKnownFileType = text.plist.xml; path = Info.plist; sourceTree = "<group>"; };
		AF35A341237C283D00A929F7 /* AlbumCell.swift */ = {isa = PBXFileReference; lastKnownFileType = sourcecode.swift; name = AlbumCell.swift; path = PopCave/Controller/CellControllers/AlbumCell.swift; sourceTree = SOURCE_ROOT; };
		AF43DC65239EB66E00338DC2 /* PopCave.xcdatamodel */ = {isa = PBXFileReference; lastKnownFileType = wrapper.xcdatamodel; path = PopCave.xcdatamodel; sourceTree = "<group>"; };
		AF4A6FDB239D601200453C61 /* DecodableStructs.swift */ = {isa = PBXFileReference; lastKnownFileType = sourcecode.swift; path = DecodableStructs.swift; sourceTree = "<group>"; };
		AF4A6FDD239D651B00453C61 /* APIKeys.swift */ = {isa = PBXFileReference; lastKnownFileType = sourcecode.swift; path = APIKeys.swift; sourceTree = "<group>"; };
		AF4A6FDF239D74DD00453C61 /* OtherCollectinStructs.swift */ = {isa = PBXFileReference; lastKnownFileType = sourcecode.swift; path = OtherCollectinStructs.swift; sourceTree = "<group>"; };
		AF4A6FE1239D7AB400453C61 /* ArtistVC.swift */ = {isa = PBXFileReference; lastKnownFileType = sourcecode.swift; path = ArtistVC.swift; sourceTree = "<group>"; };
		AF5EE1E4239BCC0100AA5863 /* FavoriteCell.swift */ = {isa = PBXFileReference; lastKnownFileType = sourcecode.swift; path = FavoriteCell.swift; sourceTree = "<group>"; };
		AF5EE1E5239BCC0100AA5863 /* FavoriteCell.xib */ = {isa = PBXFileReference; lastKnownFileType = file.xib; path = FavoriteCell.xib; sourceTree = "<group>"; };
		AF5EE1E8239BD7F400AA5863 /* Extensions.swift */ = {isa = PBXFileReference; lastKnownFileType = sourcecode.swift; path = Extensions.swift; sourceTree = "<group>"; };
		AF5EE1F2239D216600AA5863 /* ArtistCell.swift */ = {isa = PBXFileReference; lastKnownFileType = sourcecode.swift; path = ArtistCell.swift; sourceTree = "<group>"; };
		AF988DAC2398053200F27886 /* TrackCell.swift */ = {isa = PBXFileReference; lastKnownFileType = sourcecode.swift; path = TrackCell.swift; sourceTree = "<group>"; };
		AFE87118239D54360012411A /* SearchVC.swift */ = {isa = PBXFileReference; lastKnownFileType = sourcecode.swift; path = SearchVC.swift; sourceTree = "<group>"; };
		AFFCDEF8239A8E2C00E234EA /* AlbumLineCell.xib */ = {isa = PBXFileReference; fileEncoding = 4; lastKnownFileType = file.xib; path = AlbumLineCell.xib; sourceTree = "<group>"; };
		AFFCDEFA239AD77F00E234EA /* FavoriteVC.swift */ = {isa = PBXFileReference; lastKnownFileType = sourcecode.swift; path = FavoriteVC.swift; sourceTree = "<group>"; };
/* End PBXFileReference section */

/* Begin PBXFrameworksBuildPhase section */
		AF35A305237C1FAD00A929F7 /* Frameworks */ = {
			isa = PBXFrameworksBuildPhase;
			buildActionMask = 2147483647;
			files = (
			);
			runOnlyForDeploymentPostprocessing = 0;
		};
		AF35A31E237C1FAD00A929F7 /* Frameworks */ = {
			isa = PBXFrameworksBuildPhase;
			buildActionMask = 2147483647;
			files = (
			);
			runOnlyForDeploymentPostprocessing = 0;
		};
		AF35A329237C1FAD00A929F7 /* Frameworks */ = {
			isa = PBXFrameworksBuildPhase;
			buildActionMask = 2147483647;
			files = (
			);
			runOnlyForDeploymentPostprocessing = 0;
		};
/* End PBXFrameworksBuildPhase section */

/* Begin PBXGroup section */
		AF35A2FF237C1FAD00A929F7 = {
			isa = PBXGroup;
			children = (
				AF35A30A237C1FAD00A929F7 /* PopCave */,
				AF35A324237C1FAD00A929F7 /* PopCaveTests */,
				AF35A32F237C1FAD00A929F7 /* PopCaveUITests */,
				AF35A309237C1FAD00A929F7 /* Products */,
			);
			sourceTree = "<group>";
		};
		AF35A309237C1FAD00A929F7 /* Products */ = {
			isa = PBXGroup;
			children = (
				AF35A308237C1FAD00A929F7 /* PopCave.app */,
				AF35A321237C1FAD00A929F7 /* PopCaveTests.xctest */,
				AF35A32C237C1FAD00A929F7 /* PopCaveUITests.xctest */,
			);
			name = Products;
			sourceTree = "<group>";
		};
		AF35A30A237C1FAD00A929F7 /* PopCave */ = {
			isa = PBXGroup;
			children = (
				AF35A33F237C266D00A929F7 /* View */,
				AF35A33E237C265C00A929F7 /* Controller */,
				AF35A340237C267300A929F7 /* Model */,
				AF35A31C237C1FAD00A929F7 /* Info.plist */,
			);
			path = PopCave;
			sourceTree = "<group>";
		};
		AF35A324237C1FAD00A929F7 /* PopCaveTests */ = {
			isa = PBXGroup;
			children = (
				AF35A325237C1FAD00A929F7 /* PopCaveTests.swift */,
				AF35A327237C1FAD00A929F7 /* Info.plist */,
			);
			path = PopCaveTests;
			sourceTree = "<group>";
		};
		AF35A32F237C1FAD00A929F7 /* PopCaveUITests */ = {
			isa = PBXGroup;
			children = (
				AF35A330237C1FAD00A929F7 /* PopCaveUITests.swift */,
				AF35A332237C1FAD00A929F7 /* Info.plist */,
			);
			path = PopCaveUITests;
			sourceTree = "<group>";
		};
		AF35A33E237C265C00A929F7 /* Controller */ = {
			isa = PBXGroup;
			children = (
				AFE8711C239D54670012411A /* CellControllers */,
				AFE8711B239D54540012411A /* ViewControllers */,
				AFE8711A239D54440012411A /* System */,
			);
			path = Controller;
			sourceTree = "<group>";
		};
		AF35A33F237C266D00A929F7 /* View */ = {
			isa = PBXGroup;
			children = (
				AF35A317237C1FAD00A929F7 /* Assets.xcassets */,
				AFE8711D239D54870012411A /* CustomCells */,
				AF35A319237C1FAD00A929F7 /* LaunchScreen.storyboard */,
				AF35A311237C1FAD00A929F7 /* Main.storyboard */,
			);
			path = View;
			sourceTree = "<group>";
		};
		AF35A340237C267300A929F7 /* Model */ = {
			isa = PBXGroup;
			children = (
				AF43DC64239EB66E00338DC2 /* PopCave.xcdatamodeld */,
				AF5EE1E8239BD7F400AA5863 /* Extensions.swift */,
				AF4A6FDB239D601200453C61 /* DecodableStructs.swift */,
				AF4A6FDD239D651B00453C61 /* APIKeys.swift */,
				AF4A6FDF239D74DD00453C61 /* OtherCollectinStructs.swift */,
			);
			path = Model;
			sourceTree = "<group>";
		};
		AFE8711A239D54440012411A /* System */ = {
			isa = PBXGroup;
			children = (
				AF35A30B237C1FAD00A929F7 /* AppDelegate.swift */,
				AF35A30D237C1FAD00A929F7 /* SceneDelegate.swift */,
			);
			path = System;
			sourceTree = "<group>";
		};
		AFE8711B239D54540012411A /* ViewControllers */ = {
			isa = PBXGroup;
			children = (
				AF0173D92396C391003ECD4C /* AlbumVC.swift */,
				AF35A30F237C1FAD00A929F7 /* TopListVC.swift */,
				AFFCDEFA239AD77F00E234EA /* FavoriteVC.swift */,
				AFE87118239D54360012411A /* SearchVC.swift */,
				AF4A6FE1239D7AB400453C61 /* ArtistVC.swift */,
			);
			path = ViewControllers;
			sourceTree = "<group>";
		};
		AFE8711C239D54670012411A /* CellControllers */ = {
			isa = PBXGroup;
			children = (
				AF5EE1F2239D216600AA5863 /* ArtistCell.swift */,
				AF988DAC2398053200F27886 /* TrackCell.swift */,
				AF35A341237C283D00A929F7 /* AlbumCell.swift */,
				AF5EE1E4239BCC0100AA5863 /* FavoriteCell.swift */,
			);
			path = CellControllers;
			sourceTree = "<group>";
		};
		AFE8711D239D54870012411A /* CustomCells */ = {
			isa = PBXGroup;
			children = (
				AF02220E239A71F600E16599 /* AlbumCell.xib */,
				AFFCDEF8239A8E2C00E234EA /* AlbumLineCell.xib */,
				AF5EE1E5239BCC0100AA5863 /* FavoriteCell.xib */,
			);
			path = CustomCells;
			sourceTree = "<group>";
		};
/* End PBXGroup section */

/* Begin PBXNativeTarget section */
		AF35A307237C1FAD00A929F7 /* PopCave */ = {
			isa = PBXNativeTarget;
			buildConfigurationList = AF35A335237C1FAD00A929F7 /* Build configuration list for PBXNativeTarget "PopCave" */;
			buildPhases = (
				AF35A304237C1FAD00A929F7 /* Sources */,
				AF35A305237C1FAD00A929F7 /* Frameworks */,
				AF35A306237C1FAD00A929F7 /* Resources */,
			);
			buildRules = (
			);
			dependencies = (
			);
			name = PopCave;
			productName = PopCave;
			productReference = AF35A308237C1FAD00A929F7 /* PopCave.app */;
			productType = "com.apple.product-type.application";
		};
		AF35A320237C1FAD00A929F7 /* PopCaveTests */ = {
			isa = PBXNativeTarget;
			buildConfigurationList = AF35A338237C1FAD00A929F7 /* Build configuration list for PBXNativeTarget "PopCaveTests" */;
			buildPhases = (
				AF35A31D237C1FAD00A929F7 /* Sources */,
				AF35A31E237C1FAD00A929F7 /* Frameworks */,
				AF35A31F237C1FAD00A929F7 /* Resources */,
			);
			buildRules = (
			);
			dependencies = (
				AF35A323237C1FAD00A929F7 /* PBXTargetDependency */,
			);
			name = PopCaveTests;
			productName = PopCaveTests;
			productReference = AF35A321237C1FAD00A929F7 /* PopCaveTests.xctest */;
			productType = "com.apple.product-type.bundle.unit-test";
		};
		AF35A32B237C1FAD00A929F7 /* PopCaveUITests */ = {
			isa = PBXNativeTarget;
			buildConfigurationList = AF35A33B237C1FAD00A929F7 /* Build configuration list for PBXNativeTarget "PopCaveUITests" */;
			buildPhases = (
				AF35A328237C1FAD00A929F7 /* Sources */,
				AF35A329237C1FAD00A929F7 /* Frameworks */,
				AF35A32A237C1FAD00A929F7 /* Resources */,
			);
			buildRules = (
			);
			dependencies = (
				AF35A32E237C1FAD00A929F7 /* PBXTargetDependency */,
			);
			name = PopCaveUITests;
			productName = PopCaveUITests;
			productReference = AF35A32C237C1FAD00A929F7 /* PopCaveUITests.xctest */;
			productType = "com.apple.product-type.bundle.ui-testing";
		};
/* End PBXNativeTarget section */

/* Begin PBXProject section */
		AF35A300237C1FAD00A929F7 /* Project object */ = {
			isa = PBXProject;
			attributes = {
				LastSwiftUpdateCheck = 1120;
				LastUpgradeCheck = 1120;
				ORGANIZATIONNAME = "Henrik Anthony Odden Sandberg";
				TargetAttributes = {
					AF35A307237C1FAD00A929F7 = {
						CreatedOnToolsVersion = 11.2;
					};
					AF35A320237C1FAD00A929F7 = {
						CreatedOnToolsVersion = 11.2;
						TestTargetID = AF35A307237C1FAD00A929F7;
					};
					AF35A32B237C1FAD00A929F7 = {
						CreatedOnToolsVersion = 11.2;
						TestTargetID = AF35A307237C1FAD00A929F7;
					};
				};
			};
			buildConfigurationList = AF35A303237C1FAD00A929F7 /* Build configuration list for PBXProject "PopCave" */;
			compatibilityVersion = "Xcode 9.3";
			developmentRegion = en;
			hasScannedForEncodings = 0;
			knownRegions = (
				en,
				Base,
			);
			mainGroup = AF35A2FF237C1FAD00A929F7;
			productRefGroup = AF35A309237C1FAD00A929F7 /* Products */;
			projectDirPath = "";
			projectRoot = "";
			targets = (
				AF35A307237C1FAD00A929F7 /* PopCave */,
				AF35A320237C1FAD00A929F7 /* PopCaveTests */,
				AF35A32B237C1FAD00A929F7 /* PopCaveUITests */,
			);
		};
/* End PBXProject section */

/* Begin PBXResourcesBuildPhase section */
		AF35A306237C1FAD00A929F7 /* Resources */ = {
			isa = PBXResourcesBuildPhase;
			buildActionMask = 2147483647;
			files = (
				AF35A31B237C1FAD00A929F7 /* LaunchScreen.storyboard in Resources */,
				AFFCDEF9239A8E2C00E234EA /* AlbumLineCell.xib in Resources */,
				AF35A318237C1FAD00A929F7 /* Assets.xcassets in Resources */,
				AF022210239A71F600E16599 /* AlbumCell.xib in Resources */,
				AF35A313237C1FAD00A929F7 /* Main.storyboard in Resources */,
				AF5EE1E7239BCC0100AA5863 /* FavoriteCell.xib in Resources */,
			);
			runOnlyForDeploymentPostprocessing = 0;
		};
		AF35A31F237C1FAD00A929F7 /* Resources */ = {
			isa = PBXResourcesBuildPhase;
			buildActionMask = 2147483647;
			files = (
			);
			runOnlyForDeploymentPostprocessing = 0;
		};
		AF35A32A237C1FAD00A929F7 /* Resources */ = {
			isa = PBXResourcesBuildPhase;
			buildActionMask = 2147483647;
			files = (
			);
			runOnlyForDeploymentPostprocessing = 0;
		};
/* End PBXResourcesBuildPhase section */

/* Begin PBXSourcesBuildPhase section */
		AF35A304237C1FAD00A929F7 /* Sources */ = {
			isa = PBXSourcesBuildPhase;
			buildActionMask = 2147483647;
			files = (
				AF5EE1F3239D216600AA5863 /* ArtistCell.swift in Sources */,
				AFFCDEFB239AD77F00E234EA /* FavoriteVC.swift in Sources */,
				AF4A6FDE239D651B00453C61 /* APIKeys.swift in Sources */,
				AF35A310237C1FAD00A929F7 /* TopListVC.swift in Sources */,
				AF35A30C237C1FAD00A929F7 /* AppDelegate.swift in Sources */,
				AF35A342237C283D00A929F7 /* AlbumCell.swift in Sources */,
				AF4A6FDC239D601200453C61 /* DecodableStructs.swift in Sources */,
				AF4A6FE0239D74DD00453C61 /* OtherCollectinStructs.swift in Sources */,
				AF4A6FE2239D7AB400453C61 /* ArtistVC.swift in Sources */,
				AF43DC66239EB66E00338DC2 /* PopCave.xcdatamodeld in Sources */,
				AF5EE1E9239BD7F400AA5863 /* Extensions.swift in Sources */,
				AF0173DA2396C391003ECD4C /* AlbumVC.swift in Sources */,
				AF5EE1E6239BCC0100AA5863 /* FavoriteCell.swift in Sources */,
				AFE87119239D54360012411A /* SearchVC.swift in Sources */,
				AF35A30E237C1FAD00A929F7 /* SceneDelegate.swift in Sources */,
				AF988DAD2398053200F27886 /* TrackCell.swift in Sources */,
			);
			runOnlyForDeploymentPostprocessing = 0;
		};
		AF35A31D237C1FAD00A929F7 /* Sources */ = {
			isa = PBXSourcesBuildPhase;
			buildActionMask = 2147483647;
			files = (
				AF35A326237C1FAD00A929F7 /* PopCaveTests.swift in Sources */,
			);
			runOnlyForDeploymentPostprocessing = 0;
		};
		AF35A328237C1FAD00A929F7 /* Sources */ = {
			isa = PBXSourcesBuildPhase;
			buildActionMask = 2147483647;
			files = (
				AF35A331237C1FAD00A929F7 /* PopCaveUITests.swift in Sources */,
			);
			runOnlyForDeploymentPostprocessing = 0;
		};
/* End PBXSourcesBuildPhase section */

/* Begin PBXTargetDependency section */
		AF35A323237C1FAD00A929F7 /* PBXTargetDependency */ = {
			isa = PBXTargetDependency;
			target = AF35A307237C1FAD00A929F7 /* PopCave */;
			targetProxy = AF35A322237C1FAD00A929F7 /* PBXContainerItemProxy */;
		};
		AF35A32E237C1FAD00A929F7 /* PBXTargetDependency */ = {
			isa = PBXTargetDependency;
			target = AF35A307237C1FAD00A929F7 /* PopCave */;
			targetProxy = AF35A32D237C1FAD00A929F7 /* PBXContainerItemProxy */;
		};
/* End PBXTargetDependency section */

/* Begin PBXVariantGroup section */
		AF35A311237C1FAD00A929F7 /* Main.storyboard */ = {
			isa = PBXVariantGroup;
			children = (
				AF35A312237C1FAD00A929F7 /* Base */,
			);
			name = Main.storyboard;
			sourceTree = "<group>";
		};
		AF35A319237C1FAD00A929F7 /* LaunchScreen.storyboard */ = {
			isa = PBXVariantGroup;
			children = (
				AF35A31A237C1FAD00A929F7 /* Base */,
			);
			name = LaunchScreen.storyboard;
			sourceTree = "<group>";
		};
/* End PBXVariantGroup section */

/* Begin XCBuildConfiguration section */
		AF35A333237C1FAD00A929F7 /* Debug */ = {
			isa = XCBuildConfiguration;
			buildSettings = {
				ALWAYS_SEARCH_USER_PATHS = NO;
				CLANG_ANALYZER_NONNULL = YES;
				CLANG_ANALYZER_NUMBER_OBJECT_CONVERSION = YES_AGGRESSIVE;
				CLANG_CXX_LANGUAGE_STANDARD = "gnu++14";
				CLANG_CXX_LIBRARY = "libc++";
				CLANG_ENABLE_MODULES = YES;
				CLANG_ENABLE_OBJC_ARC = YES;
				CLANG_ENABLE_OBJC_WEAK = YES;
				CLANG_WARN_BLOCK_CAPTURE_AUTORELEASING = YES;
				CLANG_WARN_BOOL_CONVERSION = YES;
				CLANG_WARN_COMMA = YES;
				CLANG_WARN_CONSTANT_CONVERSION = YES;
				CLANG_WARN_DEPRECATED_OBJC_IMPLEMENTATIONS = YES;
				CLANG_WARN_DIRECT_OBJC_ISA_USAGE = YES_ERROR;
				CLANG_WARN_DOCUMENTATION_COMMENTS = YES;
				CLANG_WARN_EMPTY_BODY = YES;
				CLANG_WARN_ENUM_CONVERSION = YES;
				CLANG_WARN_INFINITE_RECURSION = YES;
				CLANG_WARN_INT_CONVERSION = YES;
				CLANG_WARN_NON_LITERAL_NULL_CONVERSION = YES;
				CLANG_WARN_OBJC_IMPLICIT_RETAIN_SELF = YES;
				CLANG_WARN_OBJC_LITERAL_CONVERSION = YES;
				CLANG_WARN_OBJC_ROOT_CLASS = YES_ERROR;
				CLANG_WARN_RANGE_LOOP_ANALYSIS = YES;
				CLANG_WARN_STRICT_PROTOTYPES = YES;
				CLANG_WARN_SUSPICIOUS_MOVE = YES;
				CLANG_WARN_UNGUARDED_AVAILABILITY = YES_AGGRESSIVE;
				CLANG_WARN_UNREACHABLE_CODE = YES;
				CLANG_WARN__DUPLICATE_METHOD_MATCH = YES;
				COPY_PHASE_STRIP = NO;
				DEBUG_INFORMATION_FORMAT = dwarf;
				ENABLE_STRICT_OBJC_MSGSEND = YES;
				ENABLE_TESTABILITY = YES;
				GCC_C_LANGUAGE_STANDARD = gnu11;
				GCC_DYNAMIC_NO_PIC = NO;
				GCC_NO_COMMON_BLOCKS = YES;
				GCC_OPTIMIZATION_LEVEL = 0;
				GCC_PREPROCESSOR_DEFINITIONS = (
					"DEBUG=1",
					"$(inherited)",
				);
				GCC_WARN_64_TO_32_BIT_CONVERSION = YES;
				GCC_WARN_ABOUT_RETURN_TYPE = YES_ERROR;
				GCC_WARN_UNDECLARED_SELECTOR = YES;
				GCC_WARN_UNINITIALIZED_AUTOS = YES_AGGRESSIVE;
				GCC_WARN_UNUSED_FUNCTION = YES;
				GCC_WARN_UNUSED_VARIABLE = YES;
				IPHONEOS_DEPLOYMENT_TARGET = 13.2;
				MTL_ENABLE_DEBUG_INFO = INCLUDE_SOURCE;
				MTL_FAST_MATH = YES;
				ONLY_ACTIVE_ARCH = YES;
				SDKROOT = iphoneos;
				SWIFT_ACTIVE_COMPILATION_CONDITIONS = DEBUG;
				SWIFT_OPTIMIZATION_LEVEL = "-Onone";
			};
			name = Debug;
		};
		AF35A334237C1FAD00A929F7 /* Release */ = {
			isa = XCBuildConfiguration;
			buildSettings = {
				ALWAYS_SEARCH_USER_PATHS = NO;
				CLANG_ANALYZER_NONNULL = YES;
				CLANG_ANALYZER_NUMBER_OBJECT_CONVERSION = YES_AGGRESSIVE;
				CLANG_CXX_LANGUAGE_STANDARD = "gnu++14";
				CLANG_CXX_LIBRARY = "libc++";
				CLANG_ENABLE_MODULES = YES;
				CLANG_ENABLE_OBJC_ARC = YES;
				CLANG_ENABLE_OBJC_WEAK = YES;
				CLANG_WARN_BLOCK_CAPTURE_AUTORELEASING = YES;
				CLANG_WARN_BOOL_CONVERSION = YES;
				CLANG_WARN_COMMA = YES;
				CLANG_WARN_CONSTANT_CONVERSION = YES;
				CLANG_WARN_DEPRECATED_OBJC_IMPLEMENTATIONS = YES;
				CLANG_WARN_DIRECT_OBJC_ISA_USAGE = YES_ERROR;
				CLANG_WARN_DOCUMENTATION_COMMENTS = YES;
				CLANG_WARN_EMPTY_BODY = YES;
				CLANG_WARN_ENUM_CONVERSION = YES;
				CLANG_WARN_INFINITE_RECURSION = YES;
				CLANG_WARN_INT_CONVERSION = YES;
				CLANG_WARN_NON_LITERAL_NULL_CONVERSION = YES;
				CLANG_WARN_OBJC_IMPLICIT_RETAIN_SELF = YES;
				CLANG_WARN_OBJC_LITERAL_CONVERSION = YES;
				CLANG_WARN_OBJC_ROOT_CLASS = YES_ERROR;
				CLANG_WARN_RANGE_LOOP_ANALYSIS = YES;
				CLANG_WARN_STRICT_PROTOTYPES = YES;
				CLANG_WARN_SUSPICIOUS_MOVE = YES;
				CLANG_WARN_UNGUARDED_AVAILABILITY = YES_AGGRESSIVE;
				CLANG_WARN_UNREACHABLE_CODE = YES;
				CLANG_WARN__DUPLICATE_METHOD_MATCH = YES;
				COPY_PHASE_STRIP = NO;
				DEBUG_INFORMATION_FORMAT = "dwarf-with-dsym";
				ENABLE_NS_ASSERTIONS = NO;
				ENABLE_STRICT_OBJC_MSGSEND = YES;
				GCC_C_LANGUAGE_STANDARD = gnu11;
				GCC_NO_COMMON_BLOCKS = YES;
				GCC_WARN_64_TO_32_BIT_CONVERSION = YES;
				GCC_WARN_ABOUT_RETURN_TYPE = YES_ERROR;
				GCC_WARN_UNDECLARED_SELECTOR = YES;
				GCC_WARN_UNINITIALIZED_AUTOS = YES_AGGRESSIVE;
				GCC_WARN_UNUSED_FUNCTION = YES;
				GCC_WARN_UNUSED_VARIABLE = YES;
				IPHONEOS_DEPLOYMENT_TARGET = 13.2;
				MTL_ENABLE_DEBUG_INFO = NO;
				MTL_FAST_MATH = YES;
				SDKROOT = iphoneos;
				SWIFT_COMPILATION_MODE = wholemodule;
				SWIFT_OPTIMIZATION_LEVEL = "-O";
				VALIDATE_PRODUCT = YES;
			};
			name = Release;
		};
		AF35A336237C1FAD00A929F7 /* Debug */ = {
			isa = XCBuildConfiguration;
			buildSettings = {
				ASSETCATALOG_COMPILER_APPICON_NAME = AppIcon;
				CODE_SIGN_STYLE = Automatic;
				DEVELOPMENT_TEAM = 8LJBM9LES6;
				INFOPLIST_FILE = PopCave/Info.plist;
				IPHONEOS_DEPLOYMENT_TARGET = 13.0;
				LD_RUNPATH_SEARCH_PATHS = (
					"$(inherited)",
					"@executable_path/Frameworks",
				);
				PRODUCT_BUNDLE_IDENTIFIER = com.henrik.sandberg.PopCave;
				PRODUCT_NAME = "$(TARGET_NAME)";
				SWIFT_VERSION = 5.0;
				TARGETED_DEVICE_FAMILY = 1;
			};
			name = Debug;
		};
		AF35A337237C1FAD00A929F7 /* Release */ = {
			isa = XCBuildConfiguration;
			buildSettings = {
				ASSETCATALOG_COMPILER_APPICON_NAME = AppIcon;
				CODE_SIGN_STYLE = Automatic;
				DEVELOPMENT_TEAM = 8LJBM9LES6;
				INFOPLIST_FILE = PopCave/Info.plist;
				IPHONEOS_DEPLOYMENT_TARGET = 13.0;
				LD_RUNPATH_SEARCH_PATHS = (
					"$(inherited)",
					"@executable_path/Frameworks",
				);
				PRODUCT_BUNDLE_IDENTIFIER = com.henrik.sandberg.PopCave;
				PRODUCT_NAME = "$(TARGET_NAME)";
				SWIFT_VERSION = 5.0;
				TARGETED_DEVICE_FAMILY = 1;
			};
			name = Release;
		};
		AF35A339237C1FAD00A929F7 /* Debug */ = {
			isa = XCBuildConfiguration;
			buildSettings = {
				ALWAYS_EMBED_SWIFT_STANDARD_LIBRARIES = YES;
				BUNDLE_LOADER = "$(TEST_HOST)";
				CODE_SIGN_STYLE = Automatic;
				DEVELOPMENT_TEAM = 8LJBM9LES6;
				INFOPLIST_FILE = PopCaveTests/Info.plist;
				IPHONEOS_DEPLOYMENT_TARGET = 13.2;
				LD_RUNPATH_SEARCH_PATHS = (
					"$(inherited)",
					"@executable_path/Frameworks",
					"@loader_path/Frameworks",
				);
				PRODUCT_BUNDLE_IDENTIFIER = com.henrik.sandberg.PopCaveTests;
				PRODUCT_NAME = "$(TARGET_NAME)";
				SWIFT_VERSION = 5.0;
				TARGETED_DEVICE_FAMILY = "1,2";
				TEST_HOST = "$(BUILT_PRODUCTS_DIR)/PopCave.app/PopCave";
			};
			name = Debug;
		};
		AF35A33A237C1FAD00A929F7 /* Release */ = {
			isa = XCBuildConfiguration;
			buildSettings = {
				ALWAYS_EMBED_SWIFT_STANDARD_LIBRARIES = YES;
				BUNDLE_LOADER = "$(TEST_HOST)";
				CODE_SIGN_STYLE = Automatic;
				DEVELOPMENT_TEAM = 8LJBM9LES6;
				INFOPLIST_FILE = PopCaveTests/Info.plist;
				IPHONEOS_DEPLOYMENT_TARGET = 13.2;
				LD_RUNPATH_SEARCH_PATHS = (
					"$(inherited)",
					"@executable_path/Frameworks",
					"@loader_path/Frameworks",
				);
				PRODUCT_BUNDLE_IDENTIFIER = com.henrik.sandberg.PopCaveTests;
				PRODUCT_NAME = "$(TARGET_NAME)";
				SWIFT_VERSION = 5.0;
				TARGETED_DEVICE_FAMILY = "1,2";
				TEST_HOST = "$(BUILT_PRODUCTS_DIR)/PopCave.app/PopCave";
			};
			name = Release;
		};
		AF35A33C237C1FAD00A929F7 /* Debug */ = {
			isa = XCBuildConfiguration;
			buildSettings = {
				ALWAYS_EMBED_SWIFT_STANDARD_LIBRARIES = YES;
				CODE_SIGN_STYLE = Automatic;
				DEVELOPMENT_TEAM = 8LJBM9LES6;
				INFOPLIST_FILE = PopCaveUITests/Info.plist;
				LD_RUNPATH_SEARCH_PATHS = (
					"$(inherited)",
					"@executable_path/Frameworks",
					"@loader_path/Frameworks",
				);
				PRODUCT_BUNDLE_IDENTIFIER = com.henrik.sandberg.PopCaveUITests;
				PRODUCT_NAME = "$(TARGET_NAME)";
				SWIFT_VERSION = 5.0;
				TARGETED_DEVICE_FAMILY = "1,2";
				TEST_TARGET_NAME = PopCave;
			};
			name = Debug;
		};
		AF35A33D237C1FAD00A929F7 /* Release */ = {
			isa = XCBuildConfiguration;
			buildSettings = {
				ALWAYS_EMBED_SWIFT_STANDARD_LIBRARIES = YES;
				CODE_SIGN_STYLE = Automatic;
				DEVELOPMENT_TEAM = 8LJBM9LES6;
				INFOPLIST_FILE = PopCaveUITests/Info.plist;
				LD_RUNPATH_SEARCH_PATHS = (
					"$(inherited)",
					"@executable_path/Frameworks",
					"@loader_path/Frameworks",
				);
				PRODUCT_BUNDLE_IDENTIFIER = com.henrik.sandberg.PopCaveUITests;
				PRODUCT_NAME = "$(TARGET_NAME)";
				SWIFT_VERSION = 5.0;
				TARGETED_DEVICE_FAMILY = "1,2";
				TEST_TARGET_NAME = PopCave;
			};
			name = Release;
		};
/* End XCBuildConfiguration section */

/* Begin XCConfigurationList section */
		AF35A303237C1FAD00A929F7 /* Build configuration list for PBXProject "PopCave" */ = {
			isa = XCConfigurationList;
			buildConfigurations = (
				AF35A333237C1FAD00A929F7 /* Debug */,
				AF35A334237C1FAD00A929F7 /* Release */,
			);
			defaultConfigurationIsVisible = 0;
			defaultConfigurationName = Release;
		};
		AF35A335237C1FAD00A929F7 /* Build configuration list for PBXNativeTarget "PopCave" */ = {
			isa = XCConfigurationList;
			buildConfigurations = (
				AF35A336237C1FAD00A929F7 /* Debug */,
				AF35A337237C1FAD00A929F7 /* Release */,
			);
			defaultConfigurationIsVisible = 0;
			defaultConfigurationName = Release;
		};
		AF35A338237C1FAD00A929F7 /* Build configuration list for PBXNativeTarget "PopCaveTests" */ = {
			isa = XCConfigurationList;
			buildConfigurations = (
				AF35A339237C1FAD00A929F7 /* Debug */,
				AF35A33A237C1FAD00A929F7 /* Release */,
			);
			defaultConfigurationIsVisible = 0;
			defaultConfigurationName = Release;
		};
		AF35A33B237C1FAD00A929F7 /* Build configuration list for PBXNativeTarget "PopCaveUITests" */ = {
			isa = XCConfigurationList;
			buildConfigurations = (
				AF35A33C237C1FAD00A929F7 /* Debug */,
				AF35A33D237C1FAD00A929F7 /* Release */,
			);
			defaultConfigurationIsVisible = 0;
			defaultConfigurationName = Release;
		};
/* End XCConfigurationList section */

/* Begin XCVersionGroup section */
		AF43DC64239EB66E00338DC2 /* PopCave.xcdatamodeld */ = {
			isa = XCVersionGroup;
			children = (
				AF43DC65239EB66E00338DC2 /* PopCave.xcdatamodel */,
			);
			currentVersion = AF43DC65239EB66E00338DC2 /* PopCave.xcdatamodel */;
			name = PopCave.xcdatamodeld;
			path = "../../../../../Library/Mobile Documents/com~apple~CloudDocs/.Trash/PopCave/PopCave/Model/PopCave.xcdatamodeld";
			sourceTree = "<group>";
			versionGroupType = wrapper.xcdatamodel;
		};
/* End XCVersionGroup section */
	};
	rootObject = AF35A300237C1FAD00A929F7 /* Project object */;
}
